
Microsoft Visual Studio Solution File, Format Version 12.00
# Visual Studio 2012
Project("{FAE04EC0-301F-11D3-BF4B-00C04F79EFBC}") = "Windows Kinect Control", "KinectApp\Windows Kinect Control.csproj", "{1A272005-F83C-45BA-AE9E-FA4A6ECF4DA3}"
EndProject
Global
	GlobalSection(SolutionConfigurationPlatforms) = preSolution
		Debug|Any CPU = Debug|Any CPU
		Release|Any CPU = Release|Any CPU
	EndGlobalSection
	GlobalSection(ProjectConfigurationPlatforms) = postSolution
		{1A272005-F83C-45BA-AE9E-FA4A6ECF4DA3}.Debug|Any CPU.ActiveCfg = Debug|Any CPU
		{1A272005-F83C-45BA-AE9E-FA4A6ECF4DA3}.Debug|Any CPU.Build.0 = Debug|Any CPU
		{1A272005-F83C-45BA-AE9E-FA4A6ECF4DA3}.Release|Any CPU.ActiveCfg = Release|Any CPU
		{1A272005-F83C-45BA-AE9E-FA4A6ECF4DA3}.Release|Any CPU.Build.0 = Release|Any CPU
	EndGlobalSection
	GlobalSection(SolutionProperties) = preSolution
		HideSolutionNode = FALSE
	EndGlobalSection
EndGlobal
